
Microsoft Visual Studio Solution File, Format Version 12.00
# Visual Studio 15
VisualStudioVersion = 15.0.27004.2006
MinimumVisualStudioVersion = 10.0.40219.1
Project("{FAE04EC0-301F-11D3-BF4B-00C04F79EFBC}") = "Wecome_To_Xamarin.Android", "Wecome To Xamarin\Wecome_To_Xamarin.Android\Wecome_To_Xamarin.Android.csproj", "{7BC487AA-F699-40EB-BAE1-0D76D278F29E}"
EndProject
Project("{FAE04EC0-301F-11D3-BF4B-00C04F79EFBC}") = "Wecome_To_Xamarin", "Wecome To Xamarin\Wecome_To_Xamarin\Wecome_To_Xamarin.csproj", "{4BD64154-99D7-491F-91E0-FC20AA3C278B}"
EndProject
Project("{FAE04EC0-301F-11D3-BF4B-00C04F79EFBC}") = "Wecome_To_Xamarin.iOS", "Wecome To Xamarin\Wecome_To_Xamarin.iOS\Wecome_To_Xamarin.iOS.csproj", "{4332866E-9414-4093-B379-A605ECBF7F92}"
EndProject
Global
	GlobalSection(SolutionConfigurationPlatforms) = preSolution
		Ad-Hoc|Any CPU = Ad-Hoc|Any CPU
		Ad-Hoc|iPhone = Ad-Hoc|iPhone
		Ad-Hoc|iPhoneSimulator = Ad-Hoc|iPhoneSimulator
		AppStore|Any CPU = AppStore|Any CPU
		AppStore|iPhone = AppStore|iPhone
		AppStore|iPhoneSimulator = AppStore|iPhoneSimulator
		Debug|Any CPU = Debug|Any CPU
		Debug|iPhone = Debug|iPhone
		Debug|iPhoneSimulator = Debug|iPhoneSimulator
		Release|Any CPU = Release|Any CPU
		Release|iPhone = Release|iPhone
		Release|iPhoneSimulator = Release|iPhoneSimulator
	EndGlobalSection
	GlobalSection(ProjectConfigurationPlatforms) = postSolution
		{7BC487AA-F699-40EB-BAE1-0D76D278F29E}.Ad-Hoc|Any CPU.ActiveCfg = Release|Any CPU
		{7BC487AA-F699-40EB-BAE1-0D76D278F29E}.Ad-Hoc|Any CPU.Build.0 = Release|Any CPU
		{7BC487AA-F699-40EB-BAE1-0D76D278F29E}.Ad-Hoc|Any CPU.Deploy.0 = Release|Any CPU
		{7BC487AA-F699-40EB-BAE1-0D76D278F29E}.Ad-Hoc|iPhone.ActiveCfg = Release|Any CPU
		{7BC487AA-F699-40EB-BAE1-0D76D278F29E}.Ad-Hoc|iPhone.Build.0 = Release|Any CPU
		{7BC487AA-F699-40EB-BAE1-0D76D278F29E}.Ad-Hoc|iPhone.Deploy.0 = Release|Any CPU
		{7BC487AA-F699-40EB-BAE1-0D76D278F29E}.Ad-Hoc|iPhoneSimulator.ActiveCfg = Release|Any CPU
		{7BC487AA-F699-40EB-BAE1-0D76D278F29E}.Ad-Hoc|iPhoneSimulator.Build.0 = Release|Any CPU
		{7BC487AA-F699-40EB-BAE1-0D76D278F29E}.Ad-Hoc|iPhoneSimulator.Deploy.0 = Release|Any CPU
		{7BC487AA-F699-40EB-BAE1-0D76D278F29E}.AppStore|Any CPU.ActiveCfg = Release|Any CPU
		{7BC487AA-F699-40EB-BAE1-0D76D278F29E}.AppStore|Any CPU.Build.0 = Release|Any CPU
		{7BC487AA-F699-40EB-BAE1-0D76D278F29E}.AppStore|Any CPU.Deploy.0 = Release|Any CPU
		{7BC487AA-F699-40EB-BAE1-0D76D278F29E}.AppStore|iPhone.ActiveCfg = Release|Any CPU
		{7BC487AA-F699-40EB-BAE1-0D76D278F29E}.AppStore|iPhone.Build.0 = Release|Any CPU
		{7BC487AA-F699-40EB-BAE1-0D76D278F29E}.AppStore|iPhone.Deploy.0 = Release|Any CPU
		{7BC487AA-F699-40EB-BAE1-0D76D278F29E}.AppStore|iPhoneSimulator.ActiveCfg = Release|Any CPU
		{7BC487AA-F699-40EB-BAE1-0D76D278F29E}.AppStore|iPhoneSimulator.Build.0 = Release|Any CPU
		{7BC487AA-F699-40EB-BAE1-0D76D278F29E}.AppStore|iPhoneSimulator.Deploy.0 = Release|Any CPU
		{7BC487AA-F699-40EB-BAE1-0D76D278F29E}.Debug|Any CPU.ActiveCfg = Debug|Any CPU
		{7BC487AA-F699-40EB-BAE1-0D76D278F29E}.Debug|Any CPU.Build.0 = Debug|Any CPU
		{7BC487AA-F699-40EB-BAE1-0D76D278F29E}.Debug|Any CPU.Deploy.0 = Debug|Any CPU
		{7BC487AA-F699-40EB-BAE1-0D76D278F29E}.Debug|iPhone.ActiveCfg = Debug|Any CPU
		{7BC487AA-F699-40EB-BAE1-0D76D278F29E}.Debug|iPhone.Build.0 = Debug|Any CPU
		{7BC487AA-F699-40EB-BAE1-0D76D278F29E}.Debug|iPhone.Deploy.0 = Debug|Any CPU
		{7BC487AA-F699-40EB-BAE1-0D76D278F29E}.Debug|iPhoneSimulator.ActiveCfg = Debug|Any CPU
		{7BC487AA-F699-40EB-BAE1-0D76D278F29E}.Debug|iPhoneSimulator.Build.0 = Debug|Any CPU
		{7BC487AA-F699-40EB-BAE1-0D76D278F29E}.Debug|iPhoneSimulator.Deploy.0 = Debug|Any CPU
		{7BC487AA-F699-40EB-BAE1-0D76D278F29E}.Release|Any CPU.ActiveCfg = Release|Any CPU
		{7BC487AA-F699-40EB-BAE1-0D76D278F29E}.Release|Any CPU.Build.0 = Release|Any CPU
		{7BC487AA-F699-40EB-BAE1-0D76D278F29E}.Release|Any CPU.Deploy.0 = Release|Any CPU
		{7BC487AA-F699-40EB-BAE1-0D76D278F29E}.Release|iPhone.ActiveCfg = Release|Any CPU
		{7BC487AA-F699-40EB-BAE1-0D76D278F29E}.Release|iPhone.Build.0 = Release|Any CPU
		{7BC487AA-F699-40EB-BAE1-0D76D278F29E}.Release|iPhone.Deploy.0 = Release|Any CPU
		{7BC487AA-F699-40EB-BAE1-0D76D278F29E}.Release|iPhoneSimulator.ActiveCfg = Release|Any CPU
		{7BC487AA-F699-40EB-BAE1-0D76D278F29E}.Release|iPhoneSimulator.Build.0 = Release|Any CPU
		{7BC487AA-F699-40EB-BAE1-0D76D278F29E}.Release|iPhoneSimulator.Deploy.0 = Release|Any CPU
		{4BD64154-99D7-491F-91E0-FC20AA3C278B}.Ad-Hoc|Any CPU.ActiveCfg = Release|Any CPU
		{4BD64154-99D7-491F-91E0-FC20AA3C278B}.Ad-Hoc|Any CPU.Build.0 = Release|Any CPU
		{4BD64154-99D7-491F-91E0-FC20AA3C278B}.Ad-Hoc|iPhone.ActiveCfg = Release|Any CPU
		{4BD64154-99D7-491F-91E0-FC20AA3C278B}.Ad-Hoc|iPhone.Build.0 = Release|Any CPU
		{4BD64154-99D7-491F-91E0-FC20AA3C278B}.Ad-Hoc|iPhoneSimulator.ActiveCfg = Release|Any CPU
		{4BD64154-99D7-491F-91E0-FC20AA3C278B}.Ad-Hoc|iPhoneSimulator.Build.0 = Release|Any CPU
		{4BD64154-99D7-491F-91E0-FC20AA3C278B}.AppStore|Any CPU.ActiveCfg = Release|Any CPU
		{4BD64154-99D7-491F-91E0-FC20AA3C278B}.AppStore|Any CPU.Build.0 = Release|Any CPU
		{4BD64154-99D7-491F-91E0-FC20AA3C278B}.AppStore|iPhone.ActiveCfg = Release|Any CPU
		{4BD64154-99D7-491F-91E0-FC20AA3C278B}.AppStore|iPhone.Build.0 = Release|Any CPU
		{4BD64154-99D7-491F-91E0-FC20AA3C278B}.AppStore|iPhoneSimulator.ActiveCfg = Release|Any CPU
		{4BD64154-99D7-491F-91E0-FC20AA3C278B}.AppStore|iPhoneSimulator.Build.0 = Release|Any CPU
		{4BD64154-99D7-491F-91E0-FC20AA3C278B}.Debug|Any CPU.ActiveCfg = Debug|Any CPU
		{4BD64154-99D7-491F-91E0-FC20AA3C278B}.Debug|Any CPU.Build.0 = Debug|Any CPU
		{4BD64154-99D7-491F-91E0-FC20AA3C278B}.Debug|iPhone.ActiveCfg = Debug|Any CPU
		{4BD64154-99D7-491F-91E0-FC20AA3C278B}.Debug|iPhone.Build.0 = Debug|Any CPU
		{4BD64154-99D7-491F-91E0-FC20AA3C278B}.Debug|iPhoneSimulator.ActiveCfg = Debug|Any CPU
		{4BD64154-99D7-491F-91E0-FC20AA3C278B}.Debug|iPhoneSimulator.Build.0 = Debug|Any CPU
		{4BD64154-99D7-491F-91E0-FC20AA3C278B}.Release|Any CPU.ActiveCfg = Release|Any CPU
		{4BD64154-99D7-491F-91E0-FC20AA3C278B}.Release|Any CPU.Build.0 = Release|Any CPU
		{4BD64154-99D7-491F-91E0-FC20AA3C278B}.Release|iPhone.ActiveCfg = Release|Any CPU
		{4BD64154-99D7-491F-91E0-FC20AA3C278B}.Release|iPhone.Build.0 = Release|Any CPU
		{4BD64154-99D7-491F-91E0-FC20AA3C278B}.Release|iPhoneSimulator.ActiveCfg = Release|Any CPU
		{4BD64154-99D7-491F-91E0-FC20AA3C278B}.Release|iPhoneSimulator.Build.0 = Release|Any CPU
		{4332866E-9414-4093-B379-A605ECBF7F92}.Ad-Hoc|Any CPU.ActiveCfg = Ad-Hoc|iPhoneSimulator
		{4332866E-9414-4093-B379-A605ECBF7F92}.Ad-Hoc|iPhone.ActiveCfg = Ad-Hoc|iPhone
		{4332866E-9414-4093-B379-A605ECBF7F92}.Ad-Hoc|iPhone.Build.0 = Ad-Hoc|iPhone
		{4332866E-9414-4093-B379-A605ECBF7F92}.Ad-Hoc|iPhoneSimulator.ActiveCfg = Ad-Hoc|iPhoneSimulator
		{4332866E-9414-4093-B379-A605ECBF7F92}.Ad-Hoc|iPhoneSimulator.Build.0 = Ad-Hoc|iPhoneSimulator
		{4332866E-9414-4093-B379-A605ECBF7F92}.AppStore|Any CPU.ActiveCfg = AppStore|iPhoneSimulator
		{4332866E-9414-4093-B379-A605ECBF7F92}.AppStore|iPhone.ActiveCfg = AppStore|iPhone
		{4332866E-9414-4093-B379-A605ECBF7F92}.AppStore|iPhone.Build.0 = AppStore|iPhone
		{4332866E-9414-4093-B379-A605ECBF7F92}.AppStore|iPhoneSimulator.ActiveCfg = AppStore|iPhoneSimulator
		{4332866E-9414-4093-B379-A605ECBF7F92}.AppStore|iPhoneSimulator.Build.0 = AppStore|iPhoneSimulator
		{4332866E-9414-4093-B379-A605ECBF7F92}.Debug|Any CPU.ActiveCfg = Debug|iPhoneSimulator
		{4332866E-9414-4093-B379-A605ECBF7F92}.Debug|iPhone.ActiveCfg = Debug|iPhone
		{4332866E-9414-4093-B379-A605ECBF7F92}.Debug|iPhone.Build.0 = Debug|iPhone
		{4332866E-9414-4093-B379-A605ECBF7F92}.Debug|iPhoneSimulator.ActiveCfg = Debug|iPhoneSimulator
		{4332866E-9414-4093-B379-A605ECBF7F92}.Debug|iPhoneSimulator.Build.0 = Debug|iPhoneSimulator
		{4332866E-9414-4093-B379-A605ECBF7F92}.Release|Any CPU.ActiveCfg = Release|iPhoneSimulator
		{4332866E-9414-4093-B379-A605ECBF7F92}.Release|iPhone.ActiveCfg = Release|iPhone
		{4332866E-9414-4093-B379-A605ECBF7F92}.Release|iPhone.Build.0 = Release|iPhone
		{4332866E-9414-4093-B379-A605ECBF7F92}.Release|iPhoneSimulator.ActiveCfg = Release|iPhoneSimulator
		{4332866E-9414-4093-B379-A605ECBF7F92}.Release|iPhoneSimulator.Build.0 = Release|iPhoneSimulator
	EndGlobalSection
	GlobalSection(SolutionProperties) = preSolution
		HideSolutionNode = FALSE
	EndGlobalSection
	GlobalSection(ExtensibilityGlobals) = postSolution
		SolutionGuid = {0ED797A3-940E-4BAA-AAEB-B9AA39A48A08}
	EndGlobalSection
EndGlobal
